{
  "version": 4,
  "terraform_version": "1.1.6",
  "serial": 502,
  "lineage": "f69b367f-065c-32e6-5b11-2da57285b153",
  "outputs": {
    "bastion_ip": {
      "value": "51.250.65.165",
      "type": "string"
    }
  },
  "resources": [
    {
      "mode": "managed",
      "type": "yandex_compute_instance",
      "name": "bastion",
      "provider": "provider[\"registry.terraform.io/yandex-cloud/yandex\"]",
      "instances": [
        {
          "schema_version": 1,
          "attributes": {
            "allow_recreate": null,
            "allow_stopping_for_update": null,
            "boot_disk": [
              {
                "auto_delete": true,
                "device_name": "fhmglvmefgn9hgi6smcq",
                "disk_id": "fhmglvmefgn9hgi6smcq",
                "initialize_params": [
                  {
                    "block_size": 4096,
                    "description": "",
                    "image_id": "fd8sc0f4358r8pt128gg",
                    "name": "",
                    "size": 10,
                    "snapshot_id": "",
                    "type": "network-ssd"
                  }
                ],
                "mode": "READ_WRITE"
              }
            ],
            "created_at": "2022-04-28T08:05:28Z",
            "description": "",
            "folder_id": "b1ge84ugruo7njkf9ku9",
            "fqdn": "bastion.ru-central1.internal",
            "hostname": "bastion",
            "id": "fhmotf4081kj4rudst2m",
            "labels": null,
            "metadata": {
              "ssh-keys": "ubuntu:ssh-rsa AAAAB3NzaC1yc2EAAAADAQABAAABAQC1TDRkaCGYcmMJyKaZaiLsIDfMRnqv2rfqIhRMPypprjPAj7C5WCBRWIJXBvbm4MZ/dBPllQE915m5AgKBT0wx4Bio/MIU6LWms0Hgko4iJFYsvcqVxeQcFH3KdcUWQ3kbP6B36bTDIomOivxJVKo3z0TLJLdzybeEKpAXt2zrSXj/Tqi9WgcbShCKJy+xy9FJ+M5IU/+sDn/TxyXZF8klg2Vb8KwLWcr954XuAnNL82zUydYdcV97acJb8hX6wXhFaV5DWh4uSWTsPuq95OzljKTXotJmmU9ZLi5Z0GmMu+Nh7uoHm/SsgvUVp4anpFB0t2gqYC5OUsWVAFRVf4yH ubuntu@yandex.ru\r\n",
              "user-data": "#!/bin/sh\napt update\napt install mc vim git python3-pip -y\n\ngit clone https://github.com/kubernetes-sigs/kubespray.git\ncd kubespray\npip3 install -r requirements.txt\n\ndate \u003e\u003e log.txt\n\necho \"Create public key\" \u003e\u003e log.txt\ncat \u003c\u003cEOT \u003e id_rsa.pub\nssh-rsa AAAAB3NzaC1yc2EAAAADAQABAAABAQC1TDRkaCGYcmMJyKaZaiLsIDfMRnqv2rfqIhRMPypprjPAj7C5WCBRWIJXBvbm4MZ/dBPllQE915m5AgKBT0wx4Bio/MIU6LWms0Hgko4iJFYsvcqVxeQcFH3KdcUWQ3kbP6B36bTDIomOivxJVKo3z0TLJLdzybeEKpAXt2zrSXj/Tqi9WgcbShCKJy+xy9FJ+M5IU/+sDn/TxyXZF8klg2Vb8KwLWcr954XuAnNL82zUydYdcV97acJb8hX6wXhFaV5DWh4uSWTsPuq95OzljKTXotJmmU9ZLi5Z0GmMu+Nh7uoHm/SsgvUVp4anpFB0t2gqYC5OUsWVAFRVf4yH ubuntu@yandex.ru\r\n\nEOT\n\necho \"Create private key\" \u003e\u003e log.txt\ncat \u003c\u003cEOT \u003e id_rsa\n-----BEGIN OPENSSH PRIVATE KEY-----\nb3BlbnNzaC1rZXktdjEAAAAABG5vbmUAAAAEbm9uZQAAAAAAAAABAAABFwAAAAdzc2gtcn\nNhAAAAAwEAAQAAAQEAtUw0ZGghmHJjCcimmWoi7CA3zEZ6r9q36iIUTD8qaa4zwI+wuVgg\nUViCVwb25uDGf3QT5ZUBPdeZuQICgU9MMeAYqPzCFOi1prNB4JKOIiRWLL3KlcXkHBR9yn\nXFFkN5Gz+gd+m0wyKJjor8SVSqN89EyyS3c8m3hCqQF7ds60l4/06ovVoHG0oQiicvscvR\nSfjOSFP/rA5/08cl2RfJJYNlW/CsC1nK/eeF7gJzS/Ns1MnWHXFfe2nCW/IV+sF4RWleQ1\noeLklk7D7qveTs5Yyk16LSZplPWS4uWdBpjLvjYe7qB5v0rIL1FaeGp6RQdLdoKmAuTlLF\nlQBUVX+MhwAAA8i8TCKBvEwigQAAAAdzc2gtcnNhAAABAQC1TDRkaCGYcmMJyKaZaiLsID\nfMRnqv2rfqIhRMPypprjPAj7C5WCBRWIJXBvbm4MZ/dBPllQE915m5AgKBT0wx4Bio/MIU\n6LWms0Hgko4iJFYsvcqVxeQcFH3KdcUWQ3kbP6B36bTDIomOivxJVKo3z0TLJLdzybeEKp\nAXt2zrSXj/Tqi9WgcbShCKJy+xy9FJ+M5IU/+sDn/TxyXZF8klg2Vb8KwLWcr954XuAnNL\n82zUydYdcV97acJb8hX6wXhFaV5DWh4uSWTsPuq95OzljKTXotJmmU9ZLi5Z0GmMu+Nh7u\noHm/SsgvUVp4anpFB0t2gqYC5OUsWVAFRVf4yHAAAAAwEAAQAAAQAfKxm6xVg5QDkcnn1d\n1KxqUeOl39wJzZ1eyDsbHKTrBELrcQid5LOxqHjIA2+BI9WcZdVh2+sZua4460qI9pwP2w\noCS2oGdDd+kETcGfYLkpmqGXrxotLjrPYvT23xtOnmMFsjIm+sOIzTj7tt0/trmtul3QsZ\nAe3l7/dTzHoSPQYybJdBgDVGS8+t4KEr7Q0WSA0J18e1myHs0JwA9TdxGoVCs2EyGMZ+wK\nYOrHvcY1jDskMdknh+7SNDWVqAzmYN8EKNKIiytHF5CdovO4Pbcm2B6DLkrtwa2bpP+pXc\nezRDr6x1YXZnIp8+UPzwb55Enk/dLlyTOkHWTD5oVouxAAAAgQCtBbbVX7DOLIDUwyWR7N\n/uqeSi9W2z85GVYeCg7a27NX/lt5Zl3VvwVW0v3hB97P2HjzV170R9ayYywW2qWS0wuT/w\nV3ECfQ6lJrpjRAj/XRaOhscFPz+qi7PkUaygPXMJPKP6IVysyJTQMNhkcLwAwhGX8+cWGy\npWw/3z1kqMmQAAAIEA5Wvo/1Pmu5+OPmui+Cud2CRjyaUZGwsUeM0efJYvqw2wYZOjOOss\nVBYEF452L5sxk0cgRU2La5LsfmC60pN5SvQFqEClwkTrGlqmAdPi2h0AX6bpY/H8FMHT9m\ngjoQetGJxjPHAPPao8leDg9jU+Q3ukD2CZc2BWncsQiUWRtj8AAACBAMpNDpnvylhPMriz\ng+XOVk2YEjo9SLe+4aKwtww+rPFBvuvC1bvkFKOzN6PrecHXcl4V1H2GinPu56/8p/Dxyv\nDZXm2zvxBhfgGN9FuQPk4noThkA0esTztTK3ou3ZHCldpQwovq+9lq/xY6HCBmHdOehLEp\nm/lx7lEVWLn8QOe5AAAAEHVidW50dUB5YW5kZXgucnUBAg==\n-----END OPENSSH PRIVATE KEY-----\n\nEOT\n\necho \"Change permissions and owners to ssh keys\" \u003e\u003e log.txt\nchmod 400 id_rsa\nchmod 400 id_rsa.pub\nchown ubuntu id_rsa\nchown ubuntu id_rsa.pub\n\necho \"Create Ansible config file\" \u003e\u003e log.txt\ncat \u003c\u003cEOT \u003e ansible.cfg\n[defaults]\nremote_user = ubuntu\nhost_key_checking = False\nprivate_key_file = id_rsa\n\n[privilege_escalation]\nbecome=True\nbecome_method=sudo\nbecome_user=root\nbecome_ask_pass=False\nEOT\n\necho \"Create Ansible inventory file\" \u003e\u003e log.txt\ncat \u003c\u003cEOT \u003e my-inventory.ini\n[k8s-cluster:children]\nkube-master\nkube-node\ncalico_rr\n\n[all]\nmaster ansible_host=192.168.21.4 ip=192.168.21.4\nworker0 ansible_host=192.168.21.15 ip=192.168.21.15\nworker1 ansible_host=192.168.21.7 ip=192.168.21.7\n\n[kube-master]\nmaster\n\n[kube-node]\nworker0 ansible_host=192.168.21.15 ip=192.168.21.15\nworker1 ansible_host=192.168.21.7 ip=192.168.21.7\n\n[etcd]\nmaster\n\n[calico-rr]\n\nEOT\n\nansible-playbook -i my-inventory.ini cluster.yml\n\ndate \u003e\u003e log.txt\n\necho \"Master ip is 192.168.21.4\""
            },
            "name": "bastion",
            "network_acceleration_type": "standard",
            "network_interface": [
              {
                "dns_record": [],
                "index": 0,
                "ip_address": "192.168.21.26",
                "ipv4": true,
                "ipv6": false,
                "ipv6_address": "",
                "ipv6_dns_record": [],
                "mac_address": "d0:0d:18:eb:c8:04",
                "nat": true,
                "nat_dns_record": [],
                "nat_ip_address": "51.250.65.165",
                "nat_ip_version": "IPV4",
                "security_group_ids": [],
                "subnet_id": "e9bdkuljh2dfb8l2tj47"
              }
            ],
            "placement_policy": [
              {
                "host_affinity_rules": [],
                "placement_group_id": ""
              }
            ],
            "platform_id": "standard-v1",
            "resources": [
              {
                "core_fraction": 100,
                "cores": 2,
                "gpus": 0,
                "memory": 2
              }
            ],
            "scheduling_policy": [
              {
                "preemptible": false
              }
            ],
            "secondary_disk": [],
            "service_account_id": "",
            "status": "running",
            "timeouts": null,
            "zone": "ru-central1-a"
          },
          "sensitive_attributes": [],
          "private": "eyJlMmJmYjczMC1lY2FhLTExZTYtOGY4OC0zNDM2M2JjN2M0YzAiOnsiY3JlYXRlIjozMDAwMDAwMDAwMDAsImRlbGV0ZSI6MzAwMDAwMDAwMDAwLCJ1cGRhdGUiOjMwMDAwMDAwMDAwMH0sInNjaGVtYV92ZXJzaW9uIjoiMSJ9",
          "dependencies": [
            "yandex_compute_instance.master",
            "yandex_compute_instance.workers",
            "yandex_vpc_network.vpc",
            "yandex_vpc_subnet.public_subnet"
          ]
        }
      ]
    },
    {
      "mode": "managed",
      "type": "yandex_compute_instance",
      "name": "master",
      "provider": "provider[\"registry.terraform.io/yandex-cloud/yandex\"]",
      "instances": [
        {
          "schema_version": 1,
          "attributes": {
            "allow_recreate": null,
            "allow_stopping_for_update": null,
            "boot_disk": [
              {
                "auto_delete": true,
                "device_name": "fhmn9a3uhh9gd4dv12aq",
                "disk_id": "fhmn9a3uhh9gd4dv12aq",
                "initialize_params": [
                  {
                    "block_size": 4096,
                    "description": "",
                    "image_id": "fd8sc0f4358r8pt128gg",
                    "name": "",
                    "size": 10,
                    "snapshot_id": "",
                    "type": "network-ssd"
                  }
                ],
                "mode": "READ_WRITE"
              }
            ],
            "created_at": "2022-04-28T08:05:05Z",
            "description": "",
            "folder_id": "b1ge84ugruo7njkf9ku9",
            "fqdn": "master.ru-central1.internal",
            "hostname": "master",
            "id": "fhmes8n6m9qr7lh9qal0",
            "labels": null,
            "metadata": {
              "ssh-keys": "ubuntu:ssh-rsa AAAAB3NzaC1yc2EAAAADAQABAAABAQC1TDRkaCGYcmMJyKaZaiLsIDfMRnqv2rfqIhRMPypprjPAj7C5WCBRWIJXBvbm4MZ/dBPllQE915m5AgKBT0wx4Bio/MIU6LWms0Hgko4iJFYsvcqVxeQcFH3KdcUWQ3kbP6B36bTDIomOivxJVKo3z0TLJLdzybeEKpAXt2zrSXj/Tqi9WgcbShCKJy+xy9FJ+M5IU/+sDn/TxyXZF8klg2Vb8KwLWcr954XuAnNL82zUydYdcV97acJb8hX6wXhFaV5DWh4uSWTsPuq95OzljKTXotJmmU9ZLi5Z0GmMu+Nh7uoHm/SsgvUVp4anpFB0t2gqYC5OUsWVAFRVf4yH ubuntu@yandex.ru\r\n",
              "user-data": "apt-get update"
            },
            "name": "master",
            "network_acceleration_type": "standard",
            "network_interface": [
              {
                "dns_record": [],
                "index": 0,
                "ip_address": "192.168.21.4",
                "ipv4": true,
                "ipv6": false,
                "ipv6_address": "",
                "ipv6_dns_record": [],
                "mac_address": "d0:0d:ee:22:e6:b2",
                "nat": true,
                "nat_dns_record": [],
                "nat_ip_address": "51.250.87.207",
                "nat_ip_version": "IPV4",
                "security_group_ids": [],
                "subnet_id": "e9bdkuljh2dfb8l2tj47"
              }
            ],
            "placement_policy": [
              {
                "host_affinity_rules": [],
                "placement_group_id": ""
              }
            ],
            "platform_id": "standard-v1",
            "resources": [
              {
                "core_fraction": 100,
                "cores": 2,
                "gpus": 0,
                "memory": 2
              }
            ],
            "scheduling_policy": [
              {
                "preemptible": false
              }
            ],
            "secondary_disk": [],
            "service_account_id": "",
            "status": "running",
            "timeouts": null,
            "zone": "ru-central1-a"
          },
          "sensitive_attributes": [],
          "private": "eyJlMmJmYjczMC1lY2FhLTExZTYtOGY4OC0zNDM2M2JjN2M0YzAiOnsiY3JlYXRlIjozMDAwMDAwMDAwMDAsImRlbGV0ZSI6MzAwMDAwMDAwMDAwLCJ1cGRhdGUiOjMwMDAwMDAwMDAwMH0sInNjaGVtYV92ZXJzaW9uIjoiMSJ9",
          "dependencies": [
            "yandex_vpc_network.vpc",
            "yandex_vpc_subnet.public_subnet"
          ]
        }
      ]
    },
    {
      "mode": "managed",
      "type": "yandex_compute_instance",
      "name": "workers",
      "provider": "provider[\"registry.terraform.io/yandex-cloud/yandex\"]",
      "instances": [
        {
          "index_key": 0,
          "schema_version": 1,
          "attributes": {
            "allow_recreate": null,
            "allow_stopping_for_update": null,
            "boot_disk": [
              {
                "auto_delete": true,
                "device_name": "fhmaofomp4m8e3cvv5ts",
                "disk_id": "fhmaofomp4m8e3cvv5ts",
                "initialize_params": [
                  {
                    "block_size": 4096,
                    "description": "",
                    "image_id": "fd8sc0f4358r8pt128gg",
                    "name": "",
                    "size": 10,
                    "snapshot_id": "",
                    "type": "network-hdd"
                  }
                ],
                "mode": "READ_WRITE"
              }
            ],
            "created_at": "2022-04-28T08:05:05Z",
            "description": "",
            "folder_id": "b1ge84ugruo7njkf9ku9",
            "fqdn": "worker0.ru-central1.internal",
            "hostname": "worker0",
            "id": "fhmo71oqock30b1g2l36",
            "labels": null,
            "metadata": {
              "ssh-keys": "ubuntu:ssh-rsa AAAAB3NzaC1yc2EAAAADAQABAAABAQC1TDRkaCGYcmMJyKaZaiLsIDfMRnqv2rfqIhRMPypprjPAj7C5WCBRWIJXBvbm4MZ/dBPllQE915m5AgKBT0wx4Bio/MIU6LWms0Hgko4iJFYsvcqVxeQcFH3KdcUWQ3kbP6B36bTDIomOivxJVKo3z0TLJLdzybeEKpAXt2zrSXj/Tqi9WgcbShCKJy+xy9FJ+M5IU/+sDn/TxyXZF8klg2Vb8KwLWcr954XuAnNL82zUydYdcV97acJb8hX6wXhFaV5DWh4uSWTsPuq95OzljKTXotJmmU9ZLi5Z0GmMu+Nh7uoHm/SsgvUVp4anpFB0t2gqYC5OUsWVAFRVf4yH ubuntu@yandex.ru\r\n",
              "user-data": "apt-get update"
            },
            "name": "worker0",
            "network_acceleration_type": "standard",
            "network_interface": [
              {
                "dns_record": [],
                "index": 0,
                "ip_address": "192.168.21.15",
                "ipv4": true,
                "ipv6": false,
                "ipv6_address": "",
                "ipv6_dns_record": [],
                "mac_address": "d0:0d:18:38:71:ac",
                "nat": true,
                "nat_dns_record": [],
                "nat_ip_address": "51.250.79.207",
                "nat_ip_version": "IPV4",
                "security_group_ids": [],
                "subnet_id": "e9bdkuljh2dfb8l2tj47"
              }
            ],
            "placement_policy": [
              {
                "host_affinity_rules": [],
                "placement_group_id": ""
              }
            ],
            "platform_id": "standard-v1",
            "resources": [
              {
                "core_fraction": 100,
                "cores": 2,
                "gpus": 0,
                "memory": 2
              }
            ],
            "scheduling_policy": [
              {
                "preemptible": false
              }
            ],
            "secondary_disk": [],
            "service_account_id": "",
            "status": "running",
            "timeouts": null,
            "zone": "ru-central1-a"
          },
          "sensitive_attributes": [],
          "private": "eyJlMmJmYjczMC1lY2FhLTExZTYtOGY4OC0zNDM2M2JjN2M0YzAiOnsiY3JlYXRlIjozMDAwMDAwMDAwMDAsImRlbGV0ZSI6MzAwMDAwMDAwMDAwLCJ1cGRhdGUiOjMwMDAwMDAwMDAwMH0sInNjaGVtYV92ZXJzaW9uIjoiMSJ9",
          "dependencies": [
            "yandex_vpc_network.vpc",
            "yandex_vpc_subnet.public_subnet"
          ]
        },
        {
          "index_key": 1,
          "schema_version": 1,
          "attributes": {
            "allow_recreate": null,
            "allow_stopping_for_update": null,
            "boot_disk": [
              {
                "auto_delete": true,
                "device_name": "fhmr0rvpsmqjbhg8mjuc",
                "disk_id": "fhmr0rvpsmqjbhg8mjuc",
                "initialize_params": [
                  {
                    "block_size": 4096,
                    "description": "",
                    "image_id": "fd8sc0f4358r8pt128gg",
                    "name": "",
                    "size": 10,
                    "snapshot_id": "",
                    "type": "network-hdd"
                  }
                ],
                "mode": "READ_WRITE"
              }
            ],
            "created_at": "2022-04-28T08:05:05Z",
            "description": "",
            "folder_id": "b1ge84ugruo7njkf9ku9",
            "fqdn": "worker1.ru-central1.internal",
            "hostname": "worker1",
            "id": "fhm2hipu29vdffi86luf",
            "labels": null,
            "metadata": {
              "ssh-keys": "ubuntu:ssh-rsa AAAAB3NzaC1yc2EAAAADAQABAAABAQC1TDRkaCGYcmMJyKaZaiLsIDfMRnqv2rfqIhRMPypprjPAj7C5WCBRWIJXBvbm4MZ/dBPllQE915m5AgKBT0wx4Bio/MIU6LWms0Hgko4iJFYsvcqVxeQcFH3KdcUWQ3kbP6B36bTDIomOivxJVKo3z0TLJLdzybeEKpAXt2zrSXj/Tqi9WgcbShCKJy+xy9FJ+M5IU/+sDn/TxyXZF8klg2Vb8KwLWcr954XuAnNL82zUydYdcV97acJb8hX6wXhFaV5DWh4uSWTsPuq95OzljKTXotJmmU9ZLi5Z0GmMu+Nh7uoHm/SsgvUVp4anpFB0t2gqYC5OUsWVAFRVf4yH ubuntu@yandex.ru\r\n",
              "user-data": "apt-get update"
            },
            "name": "worker1",
            "network_acceleration_type": "standard",
            "network_interface": [
              {
                "dns_record": [],
                "index": 0,
                "ip_address": "192.168.21.7",
                "ipv4": true,
                "ipv6": false,
                "ipv6_address": "",
                "ipv6_dns_record": [],
                "mac_address": "d0:0d:28:cb:3e:12",
                "nat": true,
                "nat_dns_record": [],
                "nat_ip_address": "51.250.81.99",
                "nat_ip_version": "IPV4",
                "security_group_ids": [],
                "subnet_id": "e9bdkuljh2dfb8l2tj47"
              }
            ],
            "placement_policy": [
              {
                "host_affinity_rules": [],
                "placement_group_id": ""
              }
            ],
            "platform_id": "standard-v1",
            "resources": [
              {
                "core_fraction": 100,
                "cores": 2,
                "gpus": 0,
                "memory": 2
              }
            ],
            "scheduling_policy": [
              {
                "preemptible": false
              }
            ],
            "secondary_disk": [],
            "service_account_id": "",
            "status": "running",
            "timeouts": null,
            "zone": "ru-central1-a"
          },
          "sensitive_attributes": [],
          "private": "eyJlMmJmYjczMC1lY2FhLTExZTYtOGY4OC0zNDM2M2JjN2M0YzAiOnsiY3JlYXRlIjozMDAwMDAwMDAwMDAsImRlbGV0ZSI6MzAwMDAwMDAwMDAwLCJ1cGRhdGUiOjMwMDAwMDAwMDAwMH0sInNjaGVtYV92ZXJzaW9uIjoiMSJ9",
          "dependencies": [
            "yandex_vpc_network.vpc",
            "yandex_vpc_subnet.public_subnet"
          ]
        }
      ]
    },
    {
      "mode": "managed",
      "type": "yandex_vpc_network",
      "name": "vpc",
      "provider": "provider[\"registry.terraform.io/yandex-cloud/yandex\"]",
      "instances": [
        {
          "schema_version": 0,
          "attributes": {
            "created_at": "2022-04-28T08:05:03Z",
            "default_security_group_id": "",
            "description": "",
            "folder_id": "b1ge84ugruo7njkf9ku9",
            "id": "enp0ac1d8rr4viiu7os0",
            "labels": {},
            "name": "Ingafen vpc",
            "subnet_ids": [],
            "timeouts": null
          },
          "sensitive_attributes": [],
          "private": "eyJlMmJmYjczMC1lY2FhLTExZTYtOGY4OC0zNDM2M2JjN2M0YzAiOnsiY3JlYXRlIjo2MDAwMDAwMDAwMCwiZGVsZXRlIjo2MDAwMDAwMDAwMCwidXBkYXRlIjo2MDAwMDAwMDAwMH19"
        }
      ]
    },
    {
      "mode": "managed",
      "type": "yandex_vpc_subnet",
      "name": "public_subnet",
      "provider": "provider[\"registry.terraform.io/yandex-cloud/yandex\"]",
      "instances": [
        {
          "schema_version": 0,
          "attributes": {
            "created_at": "2022-04-28T08:05:04Z",
            "description": "",
            "dhcp_options": [],
            "folder_id": "b1ge84ugruo7njkf9ku9",
            "id": "e9bdkuljh2dfb8l2tj47",
            "labels": {},
            "name": "public_subnet",
            "network_id": "enp0ac1d8rr4viiu7os0",
            "route_table_id": "",
            "timeouts": null,
            "v4_cidr_blocks": [
              "192.168.21.0/24"
            ],
            "v6_cidr_blocks": [],
            "zone": "ru-central1-a"
          },
          "sensitive_attributes": [],
          "private": "eyJlMmJmYjczMC1lY2FhLTExZTYtOGY4OC0zNDM2M2JjN2M0YzAiOnsiY3JlYXRlIjoxODAwMDAwMDAwMDAsImRlbGV0ZSI6MTgwMDAwMDAwMDAwLCJ1cGRhdGUiOjE4MDAwMDAwMDAwMH19",
          "dependencies": [
            "yandex_vpc_network.vpc"
          ]
        }
      ]
    }
  ]
}
